
Microsoft Visual Studio Solution File, Format Version 12.00
# Visual Studio 15
VisualStudioVersion = 15.0.28307.852
MinimumVisualStudioVersion = 10.0.40219.1
Project("{FAE04EC0-301F-11D3-BF4B-00C04F79EFBC}") = "EntityFrameworkSoftDelete", "Src\EntityFrameworkSoftDelete\EntityFrameworkSoftDelete.csproj", "{98A090B3-20B6-4161-B12D-626EB0212C7B}"
EndProject
Project("{2150E333-8FDC-42A3-9474-1A3956D46DE8}") = "Src", "Src", "{5D087FA7-F3BB-4308-BFFE-B671CAC2F06A}"
EndProject
Global
	GlobalSection(SolutionConfigurationPlatforms) = preSolution
		Debug|Any CPU = Debug|Any CPU
		Release|Any CPU = Release|Any CPU
	EndGlobalSection
	GlobalSection(ProjectConfigurationPlatforms) = postSolution
		{98A090B3-20B6-4161-B12D-626EB0212C7B}.Debug|Any CPU.ActiveCfg = Debug|Any CPU
		{98A090B3-20B6-4161-B12D-626EB0212C7B}.Debug|Any CPU.Build.0 = Debug|Any CPU
		{98A090B3-20B6-4161-B12D-626EB0212C7B}.Release|Any CPU.ActiveCfg = Release|Any CPU
		{98A090B3-20B6-4161-B12D-626EB0212C7B}.Release|Any CPU.Build.0 = Release|Any CPU
		{CA7C1574-B4F3-48D8-8AB6-D97CA5673528}.Release|Any CPU.ActiveCfg = Release|Any CPU
		{CA7C1574-B4F3-48D8-8AB6-D97CA5673528}.Release|Any CPU.Build.0 = Release|Any CPU
		{456B7D65-5EFF-4416-B46E-93B8F9094D75}.Debug|Any CPU.ActiveCfg = Debug|Any CPU
		{456B7D65-5EFF-4416-B46E-93B8F9094D75}.Debug|Any CPU.Build.0 = Debug|Any CPU
		{456B7D65-5EFF-4416-B46E-93B8F9094D75}.Release|Any CPU.ActiveCfg = Release|Any CPU
		{456B7D65-5EFF-4416-B46E-93B8F9094D75}.Release|Any CPU.Build.0 = Release|Any CPU
	EndGlobalSection
	GlobalSection(SolutionProperties) = preSolution
		HideSolutionNode = FALSE
	EndGlobalSection
	GlobalSection(ExtensibilityGlobals) = postSolution
		SolutionGuid = {50C824FE-2888-4824-8131-DEE4EF591441}
	EndGlobalSection
	GlobalSection(NestedProjects) = preSolution
		{98A090B3-20B6-4161-B12D-626EB0212C7B} = {5D087FA7-F3BB-4308-BFFE-B671CAC2F06A}
		{CA7C1574-B4F3-48D8-8AB6-D97CA5673528} = {5D087FA7-F3BB-4308-BFFE-B671CAC2F06A}
		{456B7D65-5EFF-4416-B46E-93B8F9094D75} = {66F3C1EE-0976-42D7-9EEB-595D9E59E4A3}
	EndGlobalSection
EndGlobal
